
Microsoft Visual Studio Solution File, Format Version 12.00
# Visual Studio Version 16
VisualStudioVersion = 16.0.30225.117
MinimumVisualStudioVersion = 10.0.40219.1
Project("{FAE04EC0-301F-11D3-BF4B-00C04F79EFBC}") = "Jobify.Android", "Jobify\Jobify.Android\Jobify.Android.csproj", "{729639CF-F723-43FA-9A24-DEE8F0F7B9FD}"
EndProject
Project("{FAE04EC0-301F-11D3-BF4B-00C04F79EFBC}") = "Jobify.iOS", "Jobify\Jobify.iOS\Jobify.iOS.csproj", "{488E8B69-43F7-49D3-975D-E6ADF2E416C1}"
EndProject
Project("{FAE04EC0-301F-11D3-BF4B-00C04F79EFBC}") = "Jobify", "Jobify\Jobify\Jobify.csproj", "{2A234712-0EBA-4412-8D7F-E8043936B0DC}"
EndProject
Global
	GlobalSection(SolutionConfigurationPlatforms) = preSolution
		Debug|Any CPU = Debug|Any CPU
		Debug|iPhone = Debug|iPhone
		Debug|iPhoneSimulator = Debug|iPhoneSimulator
		Release|Any CPU = Release|Any CPU
		Release|iPhone = Release|iPhone
		Release|iPhoneSimulator = Release|iPhoneSimulator
	EndGlobalSection
	GlobalSection(ProjectConfigurationPlatforms) = postSolution
		{729639CF-F723-43FA-9A24-DEE8F0F7B9FD}.Debug|Any CPU.ActiveCfg = Debug|Any CPU
		{729639CF-F723-43FA-9A24-DEE8F0F7B9FD}.Debug|Any CPU.Build.0 = Debug|Any CPU
		{729639CF-F723-43FA-9A24-DEE8F0F7B9FD}.Debug|Any CPU.Deploy.0 = Debug|Any CPU
		{729639CF-F723-43FA-9A24-DEE8F0F7B9FD}.Debug|iPhone.ActiveCfg = Debug|Any CPU
		{729639CF-F723-43FA-9A24-DEE8F0F7B9FD}.Debug|iPhone.Build.0 = Debug|Any CPU
		{729639CF-F723-43FA-9A24-DEE8F0F7B9FD}.Debug|iPhone.Deploy.0 = Debug|Any CPU
		{729639CF-F723-43FA-9A24-DEE8F0F7B9FD}.Debug|iPhoneSimulator.ActiveCfg = Debug|Any CPU
		{729639CF-F723-43FA-9A24-DEE8F0F7B9FD}.Debug|iPhoneSimulator.Build.0 = Debug|Any CPU
		{729639CF-F723-43FA-9A24-DEE8F0F7B9FD}.Debug|iPhoneSimulator.Deploy.0 = Debug|Any CPU
		{729639CF-F723-43FA-9A24-DEE8F0F7B9FD}.Release|Any CPU.ActiveCfg = Release|Any CPU
		{729639CF-F723-43FA-9A24-DEE8F0F7B9FD}.Release|Any CPU.Build.0 = Release|Any CPU
		{729639CF-F723-43FA-9A24-DEE8F0F7B9FD}.Release|Any CPU.Deploy.0 = Release|Any CPU
		{729639CF-F723-43FA-9A24-DEE8F0F7B9FD}.Release|iPhone.ActiveCfg = Release|Any CPU
		{729639CF-F723-43FA-9A24-DEE8F0F7B9FD}.Release|iPhone.Build.0 = Release|Any CPU
		{729639CF-F723-43FA-9A24-DEE8F0F7B9FD}.Release|iPhone.Deploy.0 = Release|Any CPU
		{729639CF-F723-43FA-9A24-DEE8F0F7B9FD}.Release|iPhoneSimulator.ActiveCfg = Release|Any CPU
		{729639CF-F723-43FA-9A24-DEE8F0F7B9FD}.Release|iPhoneSimulator.Build.0 = Release|Any CPU
		{729639CF-F723-43FA-9A24-DEE8F0F7B9FD}.Release|iPhoneSimulator.Deploy.0 = Release|Any CPU
		{488E8B69-43F7-49D3-975D-E6ADF2E416C1}.Debug|Any CPU.ActiveCfg = Debug|iPhone
		{488E8B69-43F7-49D3-975D-E6ADF2E416C1}.Debug|Any CPU.Build.0 = Debug|iPhone
		{488E8B69-43F7-49D3-975D-E6ADF2E416C1}.Debug|Any CPU.Deploy.0 = Debug|iPhone
		{488E8B69-43F7-49D3-975D-E6ADF2E416C1}.Debug|iPhone.ActiveCfg = Debug|iPhone
		{488E8B69-43F7-49D3-975D-E6ADF2E416C1}.Debug|iPhone.Build.0 = Debug|iPhone
		{488E8B69-43F7-49D3-975D-E6ADF2E416C1}.Debug|iPhone.Deploy.0 = Debug|iPhone
		{488E8B69-43F7-49D3-975D-E6ADF2E416C1}.Debug|iPhoneSimulator.ActiveCfg = Debug|iPhoneSimulator
		{488E8B69-43F7-49D3-975D-E6ADF2E416C1}.Debug|iPhoneSimulator.Build.0 = Debug|iPhoneSimulator
		{488E8B69-43F7-49D3-975D-E6ADF2E416C1}.Debug|iPhoneSimulator.Deploy.0 = Debug|iPhoneSimulator
		{488E8B69-43F7-49D3-975D-E6ADF2E416C1}.Release|Any CPU.ActiveCfg = Release|iPhone
		{488E8B69-43F7-49D3-975D-E6ADF2E416C1}.Release|Any CPU.Build.0 = Release|iPhone
		{488E8B69-43F7-49D3-975D-E6ADF2E416C1}.Release|Any CPU.Deploy.0 = Release|iPhone
		{488E8B69-43F7-49D3-975D-E6ADF2E416C1}.Release|iPhone.ActiveCfg = Release|iPhone
		{488E8B69-43F7-49D3-975D-E6ADF2E416C1}.Release|iPhone.Build.0 = Release|iPhone
		{488E8B69-43F7-49D3-975D-E6ADF2E416C1}.Release|iPhone.Deploy.0 = Release|iPhone
		{488E8B69-43F7-49D3-975D-E6ADF2E416C1}.Release|iPhoneSimulator.ActiveCfg = Release|iPhoneSimulator
		{488E8B69-43F7-49D3-975D-E6ADF2E416C1}.Release|iPhoneSimulator.Build.0 = Release|iPhoneSimulator
		{488E8B69-43F7-49D3-975D-E6ADF2E416C1}.Release|iPhoneSimulator.Deploy.0 = Release|iPhoneSimulator
		{2A234712-0EBA-4412-8D7F-E8043936B0DC}.Debug|Any CPU.ActiveCfg = Debug|Any CPU
		{2A234712-0EBA-4412-8D7F-E8043936B0DC}.Debug|Any CPU.Build.0 = Debug|Any CPU
		{2A234712-0EBA-4412-8D7F-E8043936B0DC}.Debug|Any CPU.Deploy.0 = Debug|Any CPU
		{2A234712-0EBA-4412-8D7F-E8043936B0DC}.Debug|iPhone.ActiveCfg = Debug|Any CPU
		{2A234712-0EBA-4412-8D7F-E8043936B0DC}.Debug|iPhone.Build.0 = Debug|Any CPU
		{2A234712-0EBA-4412-8D7F-E8043936B0DC}.Debug|iPhone.Deploy.0 = Debug|Any CPU
		{2A234712-0EBA-4412-8D7F-E8043936B0DC}.Debug|iPhoneSimulator.ActiveCfg = Debug|Any CPU
		{2A234712-0EBA-4412-8D7F-E8043936B0DC}.Debug|iPhoneSimulator.Build.0 = Debug|Any CPU
		{2A234712-0EBA-4412-8D7F-E8043936B0DC}.Debug|iPhoneSimulator.Deploy.0 = Debug|Any CPU
		{2A234712-0EBA-4412-8D7F-E8043936B0DC}.Release|Any CPU.ActiveCfg = Release|Any CPU
		{2A234712-0EBA-4412-8D7F-E8043936B0DC}.Release|Any CPU.Build.0 = Release|Any CPU
		{2A234712-0EBA-4412-8D7F-E8043936B0DC}.Release|Any CPU.Deploy.0 = Release|Any CPU
		{2A234712-0EBA-4412-8D7F-E8043936B0DC}.Release|iPhone.ActiveCfg = Release|Any CPU
		{2A234712-0EBA-4412-8D7F-E8043936B0DC}.Release|iPhone.Build.0 = Release|Any CPU
		{2A234712-0EBA-4412-8D7F-E8043936B0DC}.Release|iPhone.Deploy.0 = Release|Any CPU
		{2A234712-0EBA-4412-8D7F-E8043936B0DC}.Release|iPhoneSimulator.ActiveCfg = Release|Any CPU
		{2A234712-0EBA-4412-8D7F-E8043936B0DC}.Release|iPhoneSimulator.Build.0 = Release|Any CPU
		{2A234712-0EBA-4412-8D7F-E8043936B0DC}.Release|iPhoneSimulator.Deploy.0 = Release|Any CPU
	EndGlobalSection
	GlobalSection(SolutionProperties) = preSolution
		HideSolutionNode = FALSE
	EndGlobalSection
	GlobalSection(ExtensibilityGlobals) = postSolution
		SolutionGuid = {CCF52F63-F854-4EBA-8F06-E612F00878DE}
	EndGlobalSection
EndGlobal
