
Microsoft Visual Studio Solution File, Format Version 12.00
# Visual Studio Version 16
VisualStudioVersion = 16.0.30225.117
MinimumVisualStudioVersion = 10.0.40219.1
Project("{FAE04EC0-301F-11D3-BF4B-00C04F79EFBC}") = "Jobify.Android", "Jobify\Jobify.Android\Jobify.Android.csproj", "{59CAAC8E-8BFF-4E09-98B9-690412C19F97}"
EndProject
Project("{FAE04EC0-301F-11D3-BF4B-00C04F79EFBC}") = "Jobify.iOS", "Jobify\Jobify.iOS\Jobify.iOS.csproj", "{2EBE2A7B-65F2-49E0-B107-6954227EDAF4}"
EndProject
Project("{FAE04EC0-301F-11D3-BF4B-00C04F79EFBC}") = "Jobify", "Jobify\Jobify\Jobify.csproj", "{1D23F24F-9285-401B-8BED-8959C58B2A30}"
EndProject
Global
	GlobalSection(SolutionConfigurationPlatforms) = preSolution
		Debug|Any CPU = Debug|Any CPU
		Debug|iPhone = Debug|iPhone
		Debug|iPhoneSimulator = Debug|iPhoneSimulator
		Release|Any CPU = Release|Any CPU
		Release|iPhone = Release|iPhone
		Release|iPhoneSimulator = Release|iPhoneSimulator
	EndGlobalSection
	GlobalSection(ProjectConfigurationPlatforms) = postSolution
		{59CAAC8E-8BFF-4E09-98B9-690412C19F97}.Debug|Any CPU.ActiveCfg = Debug|Any CPU
		{59CAAC8E-8BFF-4E09-98B9-690412C19F97}.Debug|Any CPU.Build.0 = Debug|Any CPU
		{59CAAC8E-8BFF-4E09-98B9-690412C19F97}.Debug|Any CPU.Deploy.0 = Debug|Any CPU
		{59CAAC8E-8BFF-4E09-98B9-690412C19F97}.Debug|iPhone.ActiveCfg = Debug|Any CPU
		{59CAAC8E-8BFF-4E09-98B9-690412C19F97}.Debug|iPhone.Build.0 = Debug|Any CPU
		{59CAAC8E-8BFF-4E09-98B9-690412C19F97}.Debug|iPhone.Deploy.0 = Debug|Any CPU
		{59CAAC8E-8BFF-4E09-98B9-690412C19F97}.Debug|iPhoneSimulator.ActiveCfg = Debug|Any CPU
		{59CAAC8E-8BFF-4E09-98B9-690412C19F97}.Debug|iPhoneSimulator.Build.0 = Debug|Any CPU
		{59CAAC8E-8BFF-4E09-98B9-690412C19F97}.Debug|iPhoneSimulator.Deploy.0 = Debug|Any CPU
		{59CAAC8E-8BFF-4E09-98B9-690412C19F97}.Release|Any CPU.ActiveCfg = Release|Any CPU
		{59CAAC8E-8BFF-4E09-98B9-690412C19F97}.Release|Any CPU.Build.0 = Release|Any CPU
		{59CAAC8E-8BFF-4E09-98B9-690412C19F97}.Release|Any CPU.Deploy.0 = Release|Any CPU
		{59CAAC8E-8BFF-4E09-98B9-690412C19F97}.Release|iPhone.ActiveCfg = Release|Any CPU
		{59CAAC8E-8BFF-4E09-98B9-690412C19F97}.Release|iPhone.Build.0 = Release|Any CPU
		{59CAAC8E-8BFF-4E09-98B9-690412C19F97}.Release|iPhone.Deploy.0 = Release|Any CPU
		{59CAAC8E-8BFF-4E09-98B9-690412C19F97}.Release|iPhoneSimulator.ActiveCfg = Release|Any CPU
		{59CAAC8E-8BFF-4E09-98B9-690412C19F97}.Release|iPhoneSimulator.Build.0 = Release|Any CPU
		{59CAAC8E-8BFF-4E09-98B9-690412C19F97}.Release|iPhoneSimulator.Deploy.0 = Release|Any CPU
		{2EBE2A7B-65F2-49E0-B107-6954227EDAF4}.Debug|Any CPU.ActiveCfg = Debug|iPhone
		{2EBE2A7B-65F2-49E0-B107-6954227EDAF4}.Debug|Any CPU.Build.0 = Debug|iPhone
		{2EBE2A7B-65F2-49E0-B107-6954227EDAF4}.Debug|Any CPU.Deploy.0 = Debug|iPhone
		{2EBE2A7B-65F2-49E0-B107-6954227EDAF4}.Debug|iPhone.ActiveCfg = Debug|iPhone
		{2EBE2A7B-65F2-49E0-B107-6954227EDAF4}.Debug|iPhone.Build.0 = Debug|iPhone
		{2EBE2A7B-65F2-49E0-B107-6954227EDAF4}.Debug|iPhone.Deploy.0 = Debug|iPhone
		{2EBE2A7B-65F2-49E0-B107-6954227EDAF4}.Debug|iPhoneSimulator.ActiveCfg = Debug|iPhoneSimulator
		{2EBE2A7B-65F2-49E0-B107-6954227EDAF4}.Debug|iPhoneSimulator.Build.0 = Debug|iPhoneSimulator
		{2EBE2A7B-65F2-49E0-B107-6954227EDAF4}.Debug|iPhoneSimulator.Deploy.0 = Debug|iPhoneSimulator
		{2EBE2A7B-65F2-49E0-B107-6954227EDAF4}.Release|Any CPU.ActiveCfg = Release|iPhone
		{2EBE2A7B-65F2-49E0-B107-6954227EDAF4}.Release|Any CPU.Build.0 = Release|iPhone
		{2EBE2A7B-65F2-49E0-B107-6954227EDAF4}.Release|Any CPU.Deploy.0 = Release|iPhone
		{2EBE2A7B-65F2-49E0-B107-6954227EDAF4}.Release|iPhone.ActiveCfg = Release|iPhone
		{2EBE2A7B-65F2-49E0-B107-6954227EDAF4}.Release|iPhone.Build.0 = Release|iPhone
		{2EBE2A7B-65F2-49E0-B107-6954227EDAF4}.Release|iPhone.Deploy.0 = Release|iPhone
		{2EBE2A7B-65F2-49E0-B107-6954227EDAF4}.Release|iPhoneSimulator.ActiveCfg = Release|iPhoneSimulator
		{2EBE2A7B-65F2-49E0-B107-6954227EDAF4}.Release|iPhoneSimulator.Build.0 = Release|iPhoneSimulator
		{2EBE2A7B-65F2-49E0-B107-6954227EDAF4}.Release|iPhoneSimulator.Deploy.0 = Release|iPhoneSimulator
		{1D23F24F-9285-401B-8BED-8959C58B2A30}.Debug|Any CPU.ActiveCfg = Debug|Any CPU
		{1D23F24F-9285-401B-8BED-8959C58B2A30}.Debug|Any CPU.Build.0 = Debug|Any CPU
		{1D23F24F-9285-401B-8BED-8959C58B2A30}.Debug|Any CPU.Deploy.0 = Debug|Any CPU
		{1D23F24F-9285-401B-8BED-8959C58B2A30}.Debug|iPhone.ActiveCfg = Debug|Any CPU
		{1D23F24F-9285-401B-8BED-8959C58B2A30}.Debug|iPhone.Build.0 = Debug|Any CPU
		{1D23F24F-9285-401B-8BED-8959C58B2A30}.Debug|iPhone.Deploy.0 = Debug|Any CPU
		{1D23F24F-9285-401B-8BED-8959C58B2A30}.Debug|iPhoneSimulator.ActiveCfg = Debug|Any CPU
		{1D23F24F-9285-401B-8BED-8959C58B2A30}.Debug|iPhoneSimulator.Build.0 = Debug|Any CPU
		{1D23F24F-9285-401B-8BED-8959C58B2A30}.Debug|iPhoneSimulator.Deploy.0 = Debug|Any CPU
		{1D23F24F-9285-401B-8BED-8959C58B2A30}.Release|Any CPU.ActiveCfg = Release|Any CPU
		{1D23F24F-9285-401B-8BED-8959C58B2A30}.Release|Any CPU.Build.0 = Release|Any CPU
		{1D23F24F-9285-401B-8BED-8959C58B2A30}.Release|Any CPU.Deploy.0 = Release|Any CPU
		{1D23F24F-9285-401B-8BED-8959C58B2A30}.Release|iPhone.ActiveCfg = Release|Any CPU
		{1D23F24F-9285-401B-8BED-8959C58B2A30}.Release|iPhone.Build.0 = Release|Any CPU
		{1D23F24F-9285-401B-8BED-8959C58B2A30}.Release|iPhone.Deploy.0 = Release|Any CPU
		{1D23F24F-9285-401B-8BED-8959C58B2A30}.Release|iPhoneSimulator.ActiveCfg = Release|Any CPU
		{1D23F24F-9285-401B-8BED-8959C58B2A30}.Release|iPhoneSimulator.Build.0 = Release|Any CPU
		{1D23F24F-9285-401B-8BED-8959C58B2A30}.Release|iPhoneSimulator.Deploy.0 = Release|Any CPU
	EndGlobalSection
	GlobalSection(SolutionProperties) = preSolution
		HideSolutionNode = FALSE
	EndGlobalSection
	GlobalSection(ExtensibilityGlobals) = postSolution
		SolutionGuid = {DF169F66-8D02-45A3-AE7E-16616B6600B7}
	EndGlobalSection
EndGlobal
